lockfileVersion: '9.0'

settings:
  autoInstallPeers: true
  excludeLinksFromLockfile: false

importers:

  .:
    devDependencies:
      tailwind-scrollbar:
        specifier: ^4.0.2
        version: 4.0.2(react@19.1.1)(tailwindcss@4.1.13)

packages:

  '@types/prismjs@1.26.5':
    resolution: {integrity: sha512-AUZTa7hQ2KY5L7AmtSiqxlhWxb4ina0yd8hNbl4TWuqnv/pFP0nDMb3YrfSBf4hJVGLh2YEIBfKaBW/9UEl6IQ==}

  clsx@2.1.1:
    resolution: {integrity: sha512-eYm0QWBtUrBWZWG0d386OGAw16Z995PiOVo2B7bjWSbHedGl5e0ZWaq65kOGgUSNesEIDkB9ISbTg/JK9dhCZA==}
    engines: {node: '>=6'}

  prism-react-renderer@2.4.1:
    resolution: {integrity: sha512-ey8Ls/+Di31eqzUxC46h8MksNuGx/n0AAC8uKpwFau4RPDYLuE3EXTp8N8G2vX2N7UC/+IXeNUnlWBGGcAG+Ig==}
    peerDependencies:
      react: '>=16.0.0'

  react@19.1.1:
    resolution: {integrity: sha512-w8nqGImo45dmMIfljjMwOGtbmC/mk4CMYhWIicdSflH91J9TyCyczcPFXJzrZ/ZXcgGRFeP6BU0BEJTw6tZdfQ==}
    engines: {node: '>=0.10.0'}

  tailwind-scrollbar@4.0.2:
    resolution: {integrity: sha512-wAQiIxAPqk0MNTPptVe/xoyWi27y+NRGnTwvn4PQnbvB9kp8QUBiGl/wsfoVBHnQxTmhXJSNt9NHTmcz9EivFA==}
    engines: {node: '>=12.13.0'}
    peerDependencies:
      tailwindcss: 4.x

  tailwindcss@4.1.13:
    resolution: {integrity: sha512-i+zidfmTqtwquj4hMEwdjshYYgMbOrPzb9a0M3ZgNa0JMoZeFC6bxZvO8yr8ozS6ix2SDz0+mvryPeBs2TFE+w==}

snapshots:

  '@types/prismjs@1.26.5': {}

  clsx@2.1.1: {}

  prism-react-renderer@2.4.1(react@19.1.1):
    dependencies:
      '@types/prismjs': 1.26.5
      clsx: 2.1.1
      react: 19.1.1

  react@19.1.1: {}

  tailwind-scrollbar@4.0.2(react@19.1.1)(tailwindcss@4.1.13):
    dependencies:
      prism-react-renderer: 2.4.1(react@19.1.1)
      tailwindcss: 4.1.13
    transitivePeerDependencies:
      - react

  tailwindcss@4.1.13: {}
